
Microsoft Visual Studio Solution File, Format Version 12.00
# Visual Studio 15
VisualStudioVersion = 15.0.27428.2043
MinimumVisualStudioVersion = 10.0.40219.1
Project("{FAE04EC0-301F-11D3-BF4B-00C04F79EFBC}") = "01_instance_creation", "01_instance_creation\01_instance_creation.csproj", "{AC18DA79-E514-420F-AF3A-CAB031BDB204}"
EndProject
Project("{FAE04EC0-301F-11D3-BF4B-00C04F79EFBC}") = "02_validation_layers", "validation_layers\02_validation_layers.csproj", "{BA36DBD6-8A2A-417C-B29E-56125BA7EB9A}"
EndProject
Project("{FAE04EC0-301F-11D3-BF4B-00C04F79EFBC}") = "03_physical_device_selection", "physical_device_selection\03_physical_device_selection.csproj", "{DC8B5346-ABFC-4552-8D14-F6370C5C1800}"
EndProject
Project("{FAE04EC0-301F-11D3-BF4B-00C04F79EFBC}") = "00_base_code", "00_base_code\00_base_code.csproj", "{24044E51-5D2C-4FC6-908D-E314959DDA19}"
EndProject
Project("{FAE04EC0-301F-11D3-BF4B-00C04F79EFBC}") = "04_logical_device", "logical_device\04_logical_device.csproj", "{116C5BFD-FF64-4B3D-8954-5708B7CD8DE6}"
EndProject
Project("{FAE04EC0-301F-11D3-BF4B-00C04F79EFBC}") = "05_window_surface", "window_surface\05_window_surface.csproj", "{898E55AF-F4A5-42B3-B209-B68FF3A1FDF1}"
EndProject
Project("{FAE04EC0-301F-11D3-BF4B-00C04F79EFBC}") = "06_swap_chain_creation", "swap_chain_creation\06_swap_chain_creation.csproj", "{7D08410A-C0F7-48A8-81EC-7CB92E953416}"
EndProject
Project("{FAE04EC0-301F-11D3-BF4B-00C04F79EFBC}") = "07_image_views", "image_views\07_image_views.csproj", "{CF26ADC4-7621-4CD8-AFDF-000896407744}"
EndProject
Project("{FAE04EC0-301F-11D3-BF4B-00C04F79EFBC}") = "08_graphics_pipeline", "graphics_pipeline\08_graphics_pipeline.csproj", "{DF324F57-6AB2-43B5-9FD6-A8F92E90560A}"
EndProject
Project("{FAE04EC0-301F-11D3-BF4B-00C04F79EFBC}") = "09_shader_modules", "shader_modules\09_shader_modules.csproj", "{73DBC803-AEDC-428D-B005-4BA47D292DAB}"
EndProject
Project("{FAE04EC0-301F-11D3-BF4B-00C04F79EFBC}") = "10_fixed_functions", "fixed_functions\10_fixed_functions.csproj", "{1FAF514E-5C6C-4F8A-BBD0-6A63AAD4EEE8}"
EndProject
Project("{FAE04EC0-301F-11D3-BF4B-00C04F79EFBC}") = "11_render_passes", "render_passes\11_render_passes.csproj", "{7B02737A-4E92-4B65-99D7-04F6CAB034D2}"
EndProject
Project("{FAE04EC0-301F-11D3-BF4B-00C04F79EFBC}") = "12_graphics_pipeline_complete", "graphics_pipeline_complete\12_graphics_pipeline_complete.csproj", "{AB799020-A3A1-433B-8D9C-221135C0BAC5}"
EndProject
Project("{FAE04EC0-301F-11D3-BF4B-00C04F79EFBC}") = "13_framebuffers", "framebuffers\13_framebuffers.csproj", "{B069465E-99DF-4384-87C4-D411DCD63356}"
EndProject
Project("{FAE04EC0-301F-11D3-BF4B-00C04F79EFBC}") = "14_command_buffers", "command_buffers\14_command_buffers.csproj", "{76C80A89-0436-4CDC-8A96-97E45D24D3BF}"
EndProject
Project("{FAE04EC0-301F-11D3-BF4B-00C04F79EFBC}") = "15_hello_triangle", "hello_triangle\15_hello_triangle.csproj", "{82F191CC-7C09-4C9D-B97A-DB5F195FF2F7}"
EndProject
Project("{FAE04EC0-301F-11D3-BF4B-00C04F79EFBC}") = "16_swap_chain_recreation", "swap_chain_recreation\16_swap_chain_recreation.csproj", "{07DF9AB0-ED0D-46B7-92A1-029A8954B34D}"
EndProject
Project("{FAE04EC0-301F-11D3-BF4B-00C04F79EFBC}") = "17_vertex_input", "vertex_input\17_vertex_input.csproj", "{E4798651-7872-4581-A436-8AF33A3C3F8C}"
EndProject
Project("{FAE04EC0-301F-11D3-BF4B-00C04F79EFBC}") = "18_vertex_buffer", "vertex_buffer\18_vertex_buffer.csproj", "{F52A96EC-F22D-432B-912E-9DC584FBA6F5}"
EndProject
Project("{FAE04EC0-301F-11D3-BF4B-00C04F79EFBC}") = "19_staging_buffer", "staging_buffer\19_staging_buffer.csproj", "{498AB133-A597-46A6-9405-5F0266530852}"
EndProject
Project("{FAE04EC0-301F-11D3-BF4B-00C04F79EFBC}") = "20_index_buffer", "index_buffer\20_index_buffer.csproj", "{BFDEC787-10D6-44F4-92A8-0C7BFAED29D6}"
EndProject
Project("{FAE04EC0-301F-11D3-BF4B-00C04F79EFBC}") = "21_descriptor_layout", "descriptor_layout\21_descriptor_layout.csproj", "{547F1B07-3487-40E8-98E6-2A100042A39E}"
EndProject
Project("{FAE04EC0-301F-11D3-BF4B-00C04F79EFBC}") = "22_descriptor_set", "descriptor_set\22_descriptor_set.csproj", "{7DDE92D2-D6F9-4981-835B-3AE87F2D61A6}"
EndProject
Project("{FAE04EC0-301F-11D3-BF4B-00C04F79EFBC}") = "23_texture_image", "texture_image\23_texture_image.csproj", "{CA8CC323-1FFC-42FE-AF06-5FA0446FCA95}"
EndProject
Project("{FAE04EC0-301F-11D3-BF4B-00C04F79EFBC}") = "24_sampler", "sampler\24_sampler.csproj", "{8846C5D6-939A-4586-99C9-B5DDB5725B3E}"
EndProject
Global
	GlobalSection(SolutionConfigurationPlatforms) = preSolution
		Debug|Any CPU = Debug|Any CPU
		Release|Any CPU = Release|Any CPU
	EndGlobalSection
	GlobalSection(ProjectConfigurationPlatforms) = postSolution
		{AC18DA79-E514-420F-AF3A-CAB031BDB204}.Debug|Any CPU.ActiveCfg = Debug|Any CPU
		{AC18DA79-E514-420F-AF3A-CAB031BDB204}.Debug|Any CPU.Build.0 = Debug|Any CPU
		{AC18DA79-E514-420F-AF3A-CAB031BDB204}.Release|Any CPU.ActiveCfg = Release|Any CPU
		{AC18DA79-E514-420F-AF3A-CAB031BDB204}.Release|Any CPU.Build.0 = Release|Any CPU
		{BA36DBD6-8A2A-417C-B29E-56125BA7EB9A}.Debug|Any CPU.ActiveCfg = Debug|Any CPU
		{BA36DBD6-8A2A-417C-B29E-56125BA7EB9A}.Debug|Any CPU.Build.0 = Debug|Any CPU
		{BA36DBD6-8A2A-417C-B29E-56125BA7EB9A}.Release|Any CPU.ActiveCfg = Release|Any CPU
		{BA36DBD6-8A2A-417C-B29E-56125BA7EB9A}.Release|Any CPU.Build.0 = Release|Any CPU
		{DC8B5346-ABFC-4552-8D14-F6370C5C1800}.Debug|Any CPU.ActiveCfg = Debug|Any CPU
		{DC8B5346-ABFC-4552-8D14-F6370C5C1800}.Debug|Any CPU.Build.0 = Debug|Any CPU
		{DC8B5346-ABFC-4552-8D14-F6370C5C1800}.Release|Any CPU.ActiveCfg = Release|Any CPU
		{DC8B5346-ABFC-4552-8D14-F6370C5C1800}.Release|Any CPU.Build.0 = Release|Any CPU
		{24044E51-5D2C-4FC6-908D-E314959DDA19}.Debug|Any CPU.ActiveCfg = Debug|Any CPU
		{24044E51-5D2C-4FC6-908D-E314959DDA19}.Debug|Any CPU.Build.0 = Debug|Any CPU
		{24044E51-5D2C-4FC6-908D-E314959DDA19}.Release|Any CPU.ActiveCfg = Release|Any CPU
		{24044E51-5D2C-4FC6-908D-E314959DDA19}.Release|Any CPU.Build.0 = Release|Any CPU
		{116C5BFD-FF64-4B3D-8954-5708B7CD8DE6}.Debug|Any CPU.ActiveCfg = Debug|Any CPU
		{116C5BFD-FF64-4B3D-8954-5708B7CD8DE6}.Debug|Any CPU.Build.0 = Debug|Any CPU
		{116C5BFD-FF64-4B3D-8954-5708B7CD8DE6}.Release|Any CPU.ActiveCfg = Release|Any CPU
		{116C5BFD-FF64-4B3D-8954-5708B7CD8DE6}.Release|Any CPU.Build.0 = Release|Any CPU
		{898E55AF-F4A5-42B3-B209-B68FF3A1FDF1}.Debug|Any CPU.ActiveCfg = Debug|Any CPU
		{898E55AF-F4A5-42B3-B209-B68FF3A1FDF1}.Debug|Any CPU.Build.0 = Debug|Any CPU
		{898E55AF-F4A5-42B3-B209-B68FF3A1FDF1}.Release|Any CPU.ActiveCfg = Release|Any CPU
		{898E55AF-F4A5-42B3-B209-B68FF3A1FDF1}.Release|Any CPU.Build.0 = Release|Any CPU
		{7D08410A-C0F7-48A8-81EC-7CB92E953416}.Debug|Any CPU.ActiveCfg = Debug|Any CPU
		{7D08410A-C0F7-48A8-81EC-7CB92E953416}.Debug|Any CPU.Build.0 = Debug|Any CPU
		{7D08410A-C0F7-48A8-81EC-7CB92E953416}.Release|Any CPU.ActiveCfg = Release|Any CPU
		{7D08410A-C0F7-48A8-81EC-7CB92E953416}.Release|Any CPU.Build.0 = Release|Any CPU
		{CF26ADC4-7621-4CD8-AFDF-000896407744}.Debug|Any CPU.ActiveCfg = Debug|Any CPU
		{CF26ADC4-7621-4CD8-AFDF-000896407744}.Debug|Any CPU.Build.0 = Debug|Any CPU
		{CF26ADC4-7621-4CD8-AFDF-000896407744}.Release|Any CPU.ActiveCfg = Release|Any CPU
		{CF26ADC4-7621-4CD8-AFDF-000896407744}.Release|Any CPU.Build.0 = Release|Any CPU
		{DF324F57-6AB2-43B5-9FD6-A8F92E90560A}.Debug|Any CPU.ActiveCfg = Debug|Any CPU
		{DF324F57-6AB2-43B5-9FD6-A8F92E90560A}.Debug|Any CPU.Build.0 = Debug|Any CPU
		{DF324F57-6AB2-43B5-9FD6-A8F92E90560A}.Release|Any CPU.ActiveCfg = Release|Any CPU
		{DF324F57-6AB2-43B5-9FD6-A8F92E90560A}.Release|Any CPU.Build.0 = Release|Any CPU
		{73DBC803-AEDC-428D-B005-4BA47D292DAB}.Debug|Any CPU.ActiveCfg = Debug|Any CPU
		{73DBC803-AEDC-428D-B005-4BA47D292DAB}.Debug|Any CPU.Build.0 = Debug|Any CPU
		{73DBC803-AEDC-428D-B005-4BA47D292DAB}.Release|Any CPU.ActiveCfg = Release|Any CPU
		{73DBC803-AEDC-428D-B005-4BA47D292DAB}.Release|Any CPU.Build.0 = Release|Any CPU
		{1FAF514E-5C6C-4F8A-BBD0-6A63AAD4EEE8}.Debug|Any CPU.ActiveCfg = Debug|Any CPU
		{1FAF514E-5C6C-4F8A-BBD0-6A63AAD4EEE8}.Debug|Any CPU.Build.0 = Debug|Any CPU
		{1FAF514E-5C6C-4F8A-BBD0-6A63AAD4EEE8}.Release|Any CPU.ActiveCfg = Release|Any CPU
		{1FAF514E-5C6C-4F8A-BBD0-6A63AAD4EEE8}.Release|Any CPU.Build.0 = Release|Any CPU
		{7B02737A-4E92-4B65-99D7-04F6CAB034D2}.Debug|Any CPU.ActiveCfg = Debug|Any CPU
		{7B02737A-4E92-4B65-99D7-04F6CAB034D2}.Debug|Any CPU.Build.0 = Debug|Any CPU
		{7B02737A-4E92-4B65-99D7-04F6CAB034D2}.Release|Any CPU.ActiveCfg = Release|Any CPU
		{7B02737A-4E92-4B65-99D7-04F6CAB034D2}.Release|Any CPU.Build.0 = Release|Any CPU
		{AB799020-A3A1-433B-8D9C-221135C0BAC5}.Debug|Any CPU.ActiveCfg = Debug|Any CPU
		{AB799020-A3A1-433B-8D9C-221135C0BAC5}.Debug|Any CPU.Build.0 = Debug|Any CPU
		{AB799020-A3A1-433B-8D9C-221135C0BAC5}.Release|Any CPU.ActiveCfg = Release|Any CPU
		{AB799020-A3A1-433B-8D9C-221135C0BAC5}.Release|Any CPU.Build.0 = Release|Any CPU
		{B069465E-99DF-4384-87C4-D411DCD63356}.Debug|Any CPU.ActiveCfg = Debug|Any CPU
		{B069465E-99DF-4384-87C4-D411DCD63356}.Debug|Any CPU.Build.0 = Debug|Any CPU
		{B069465E-99DF-4384-87C4-D411DCD63356}.Release|Any CPU.ActiveCfg = Release|Any CPU
		{B069465E-99DF-4384-87C4-D411DCD63356}.Release|Any CPU.Build.0 = Release|Any CPU
		{76C80A89-0436-4CDC-8A96-97E45D24D3BF}.Debug|Any CPU.ActiveCfg = Debug|Any CPU
		{76C80A89-0436-4CDC-8A96-97E45D24D3BF}.Debug|Any CPU.Build.0 = Debug|Any CPU
		{76C80A89-0436-4CDC-8A96-97E45D24D3BF}.Release|Any CPU.ActiveCfg = Release|Any CPU
		{76C80A89-0436-4CDC-8A96-97E45D24D3BF}.Release|Any CPU.Build.0 = Release|Any CPU
		{82F191CC-7C09-4C9D-B97A-DB5F195FF2F7}.Debug|Any CPU.ActiveCfg = Debug|Any CPU
		{82F191CC-7C09-4C9D-B97A-DB5F195FF2F7}.Debug|Any CPU.Build.0 = Debug|Any CPU
		{82F191CC-7C09-4C9D-B97A-DB5F195FF2F7}.Release|Any CPU.ActiveCfg = Release|Any CPU
		{82F191CC-7C09-4C9D-B97A-DB5F195FF2F7}.Release|Any CPU.Build.0 = Release|Any CPU
		{07DF9AB0-ED0D-46B7-92A1-029A8954B34D}.Debug|Any CPU.ActiveCfg = Debug|Any CPU
		{07DF9AB0-ED0D-46B7-92A1-029A8954B34D}.Debug|Any CPU.Build.0 = Debug|Any CPU
		{07DF9AB0-ED0D-46B7-92A1-029A8954B34D}.Release|Any CPU.ActiveCfg = Release|Any CPU
		{07DF9AB0-ED0D-46B7-92A1-029A8954B34D}.Release|Any CPU.Build.0 = Release|Any CPU
		{E4798651-7872-4581-A436-8AF33A3C3F8C}.Debug|Any CPU.ActiveCfg = Debug|Any CPU
		{E4798651-7872-4581-A436-8AF33A3C3F8C}.Debug|Any CPU.Build.0 = Debug|Any CPU
		{E4798651-7872-4581-A436-8AF33A3C3F8C}.Release|Any CPU.ActiveCfg = Release|Any CPU
		{E4798651-7872-4581-A436-8AF33A3C3F8C}.Release|Any CPU.Build.0 = Release|Any CPU
		{F52A96EC-F22D-432B-912E-9DC584FBA6F5}.Debug|Any CPU.ActiveCfg = Debug|Any CPU
		{F52A96EC-F22D-432B-912E-9DC584FBA6F5}.Debug|Any CPU.Build.0 = Debug|Any CPU
		{F52A96EC-F22D-432B-912E-9DC584FBA6F5}.Release|Any CPU.ActiveCfg = Release|Any CPU
		{F52A96EC-F22D-432B-912E-9DC584FBA6F5}.Release|Any CPU.Build.0 = Release|Any CPU
		{498AB133-A597-46A6-9405-5F0266530852}.Debug|Any CPU.ActiveCfg = Debug|Any CPU
		{498AB133-A597-46A6-9405-5F0266530852}.Debug|Any CPU.Build.0 = Debug|Any CPU
		{498AB133-A597-46A6-9405-5F0266530852}.Release|Any CPU.ActiveCfg = Release|Any CPU
		{498AB133-A597-46A6-9405-5F0266530852}.Release|Any CPU.Build.0 = Release|Any CPU
		{BFDEC787-10D6-44F4-92A8-0C7BFAED29D6}.Debug|Any CPU.ActiveCfg = Debug|Any CPU
		{BFDEC787-10D6-44F4-92A8-0C7BFAED29D6}.Debug|Any CPU.Build.0 = Debug|Any CPU
		{BFDEC787-10D6-44F4-92A8-0C7BFAED29D6}.Release|Any CPU.ActiveCfg = Release|Any CPU
		{BFDEC787-10D6-44F4-92A8-0C7BFAED29D6}.Release|Any CPU.Build.0 = Release|Any CPU
		{547F1B07-3487-40E8-98E6-2A100042A39E}.Debug|Any CPU.ActiveCfg = Debug|Any CPU
		{547F1B07-3487-40E8-98E6-2A100042A39E}.Debug|Any CPU.Build.0 = Debug|Any CPU
		{547F1B07-3487-40E8-98E6-2A100042A39E}.Release|Any CPU.ActiveCfg = Release|Any CPU
		{547F1B07-3487-40E8-98E6-2A100042A39E}.Release|Any CPU.Build.0 = Release|Any CPU
		{7DDE92D2-D6F9-4981-835B-3AE87F2D61A6}.Debug|Any CPU.ActiveCfg = Debug|Any CPU
		{7DDE92D2-D6F9-4981-835B-3AE87F2D61A6}.Debug|Any CPU.Build.0 = Debug|Any CPU
		{7DDE92D2-D6F9-4981-835B-3AE87F2D61A6}.Release|Any CPU.ActiveCfg = Release|Any CPU
		{7DDE92D2-D6F9-4981-835B-3AE87F2D61A6}.Release|Any CPU.Build.0 = Release|Any CPU
		{CA8CC323-1FFC-42FE-AF06-5FA0446FCA95}.Debug|Any CPU.ActiveCfg = Debug|Any CPU
		{CA8CC323-1FFC-42FE-AF06-5FA0446FCA95}.Debug|Any CPU.Build.0 = Debug|Any CPU
		{CA8CC323-1FFC-42FE-AF06-5FA0446FCA95}.Release|Any CPU.ActiveCfg = Release|Any CPU
		{CA8CC323-1FFC-42FE-AF06-5FA0446FCA95}.Release|Any CPU.Build.0 = Release|Any CPU
		{8846C5D6-939A-4586-99C9-B5DDB5725B3E}.Debug|Any CPU.ActiveCfg = Debug|Any CPU
		{8846C5D6-939A-4586-99C9-B5DDB5725B3E}.Debug|Any CPU.Build.0 = Debug|Any CPU
		{8846C5D6-939A-4586-99C9-B5DDB5725B3E}.Release|Any CPU.ActiveCfg = Release|Any CPU
		{8846C5D6-939A-4586-99C9-B5DDB5725B3E}.Release|Any CPU.Build.0 = Release|Any CPU
	EndGlobalSection
	GlobalSection(SolutionProperties) = preSolution
		HideSolutionNode = FALSE
	EndGlobalSection
	GlobalSection(ExtensibilityGlobals) = postSolution
		SolutionGuid = {83FABADF-CC85-4640-8DB3-4E7292079436}
	EndGlobalSection
EndGlobal
